
Microsoft Visual Studio Solution File, Format Version 12.00
# Visual Studio Version 16
VisualStudioVersion = 16.0.31005.135
MinimumVisualStudioVersion = 10.0.40219.1
Project("{FAE04EC0-301F-11D3-BF4B-00C04F79EFBC}") = "AutoAbsenSKI", "AutoAbsenSKI.csproj", "{1898ACA7-22D4-4558-B115-253280FA5AFC}"
EndProject
Global
	GlobalSection(SolutionConfigurationPlatforms) = preSolution
		Debug|Any CPU = Debug|Any CPU
		Release|Any CPU = Release|Any CPU
	EndGlobalSection
	GlobalSection(ProjectConfigurationPlatforms) = postSolution
		{1898ACA7-22D4-4558-B115-253280FA5AFC}.Debug|Any CPU.ActiveCfg = Debug|Any CPU
		{1898ACA7-22D4-4558-B115-253280FA5AFC}.Debug|Any CPU.Build.0 = Debug|Any CPU
		{1898ACA7-22D4-4558-B115-253280FA5AFC}.Release|Any CPU.ActiveCfg = Release|Any CPU
		{1898ACA7-22D4-4558-B115-253280FA5AFC}.Release|Any CPU.Build.0 = Release|Any CPU
	EndGlobalSection
	GlobalSection(SolutionProperties) = preSolution
		HideSolutionNode = FALSE
	EndGlobalSection
	GlobalSection(ExtensibilityGlobals) = postSolution
		SolutionGuid = {506FE65A-F095-4924-ACFC-5767FD3450AA}
	EndGlobalSection
EndGlobal
